
Microsoft Visual Studio Solution File, Format Version 12.00
# Visual Studio 2013
VisualStudioVersion = 12.0.21005.1
MinimumVisualStudioVersion = 10.0.40219.1
Project("{00D1A9C2-B5F0-4AF3-8072-F6C62B433612}") = "TSQLCodeLibrary", "TSQLCodeLibrary.sqlproj", "{58D06B8E-2DB4-4262-92C7-1944B63C5133}"
EndProject
Global
	GlobalSection(SolutionConfigurationPlatforms) = preSolution
		Debug|Any CPU = Debug|Any CPU
		Release|Any CPU = Release|Any CPU
	EndGlobalSection
	GlobalSection(ProjectConfigurationPlatforms) = postSolution
		{58D06B8E-2DB4-4262-92C7-1944B63C5133}.Debug|Any CPU.ActiveCfg = Debug|Any CPU
		{58D06B8E-2DB4-4262-92C7-1944B63C5133}.Debug|Any CPU.Build.0 = Debug|Any CPU
		{58D06B8E-2DB4-4262-92C7-1944B63C5133}.Debug|Any CPU.Deploy.0 = Debug|Any CPU
		{58D06B8E-2DB4-4262-92C7-1944B63C5133}.Release|Any CPU.ActiveCfg = Release|Any CPU
		{58D06B8E-2DB4-4262-92C7-1944B63C5133}.Release|Any CPU.Build.0 = Release|Any CPU
		{58D06B8E-2DB4-4262-92C7-1944B63C5133}.Release|Any CPU.Deploy.0 = Release|Any CPU
	EndGlobalSection
	GlobalSection(SolutionProperties) = preSolution
		HideSolutionNode = FALSE
	EndGlobalSection
EndGlobal
